
Microsoft Visual Studio Solution File, Format Version 12.00
# Visual Studio Version 17
VisualStudioVersion = 17.11.35327.3
MinimumVisualStudioVersion = 10.0.40219.1
Project("{9A19103F-16F7-4668-BE54-9A1E7A4F7556}") = "FileProcessor", "FileProcessor\FileProcessor.csproj", "{EA577130-EA31-4E72-9E09-EB89773129B0}"
EndProject
Project("{9A19103F-16F7-4668-BE54-9A1E7A4F7556}") = "ApiService", "ApiService\ApiService.csproj", "{743D73DC-86DB-4868-B414-E745411D7EC2}"
EndProject
Project("{9A19103F-16F7-4668-BE54-9A1E7A4F7556}") = "Radar", "Radar\Radar.csproj", "{4A4F58F5-6EDE-4703-BBEA-704B06780325}"
EndProject
Project("{9A19103F-16F7-4668-BE54-9A1E7A4F7556}") = "Domain", "Domain\Domain.csproj", "{D587F4E1-C2B1-4C89-B951-5FD1CF0C98FE}"
EndProject
Global
	GlobalSection(SolutionConfigurationPlatforms) = preSolution
		Debug|Any CPU = Debug|Any CPU
		Release|Any CPU = Release|Any CPU
	EndGlobalSection
	GlobalSection(ProjectConfigurationPlatforms) = postSolution
		{EA577130-EA31-4E72-9E09-EB89773129B0}.Debug|Any CPU.ActiveCfg = Debug|Any CPU
		{EA577130-EA31-4E72-9E09-EB89773129B0}.Debug|Any CPU.Build.0 = Debug|Any CPU
		{EA577130-EA31-4E72-9E09-EB89773129B0}.Release|Any CPU.ActiveCfg = Release|Any CPU
		{EA577130-EA31-4E72-9E09-EB89773129B0}.Release|Any CPU.Build.0 = Release|Any CPU
		{743D73DC-86DB-4868-B414-E745411D7EC2}.Debug|Any CPU.ActiveCfg = Debug|Any CPU
		{743D73DC-86DB-4868-B414-E745411D7EC2}.Debug|Any CPU.Build.0 = Debug|Any CPU
		{743D73DC-86DB-4868-B414-E745411D7EC2}.Release|Any CPU.ActiveCfg = Release|Any CPU
		{743D73DC-86DB-4868-B414-E745411D7EC2}.Release|Any CPU.Build.0 = Release|Any CPU
		{4A4F58F5-6EDE-4703-BBEA-704B06780325}.Debug|Any CPU.ActiveCfg = Debug|Any CPU
		{4A4F58F5-6EDE-4703-BBEA-704B06780325}.Debug|Any CPU.Build.0 = Debug|Any CPU
		{4A4F58F5-6EDE-4703-BBEA-704B06780325}.Release|Any CPU.ActiveCfg = Release|Any CPU
		{4A4F58F5-6EDE-4703-BBEA-704B06780325}.Release|Any CPU.Build.0 = Release|Any CPU
		{D587F4E1-C2B1-4C89-B951-5FD1CF0C98FE}.Debug|Any CPU.ActiveCfg = Debug|Any CPU
		{D587F4E1-C2B1-4C89-B951-5FD1CF0C98FE}.Debug|Any CPU.Build.0 = Debug|Any CPU
		{D587F4E1-C2B1-4C89-B951-5FD1CF0C98FE}.Release|Any CPU.ActiveCfg = Release|Any CPU
		{D587F4E1-C2B1-4C89-B951-5FD1CF0C98FE}.Release|Any CPU.Build.0 = Release|Any CPU
	EndGlobalSection
	GlobalSection(SolutionProperties) = preSolution
		HideSolutionNode = FALSE
	EndGlobalSection
	GlobalSection(ExtensibilityGlobals) = postSolution
		SolutionGuid = {45AD07F4-148B-4550-A9AE-7AC93F6693CD}
	EndGlobalSection
EndGlobal
